
Microsoft Visual Studio Solution File, Format Version 12.00
# Visual Studio Version 16
VisualStudioVersion = 16.0.30907.101
MinimumVisualStudioVersion = 10.0.40219.1
Project("{8BC9CEB8-8B4A-11D0-8D11-00A0C91BC942}") = "Project4", "Project4\Project4.vcxproj", "{543EA6D6-C234-4A6C-878B-DB64BD2091B9}"
EndProject
Global
	GlobalSection(SolutionConfigurationPlatforms) = preSolution
		Debug|x64 = Debug|x64
		Debug|x86 = Debug|x86
		Release|x64 = Release|x64
		Release|x86 = Release|x86
	EndGlobalSection
	GlobalSection(ProjectConfigurationPlatforms) = postSolution
		{543EA6D6-C234-4A6C-878B-DB64BD2091B9}.Debug|x64.ActiveCfg = Debug|x64
		{543EA6D6-C234-4A6C-878B-DB64BD2091B9}.Debug|x64.Build.0 = Debug|x64
		{543EA6D6-C234-4A6C-878B-DB64BD2091B9}.Debug|x86.ActiveCfg = Debug|Win32
		{543EA6D6-C234-4A6C-878B-DB64BD2091B9}.Debug|x86.Build.0 = Debug|Win32
		{543EA6D6-C234-4A6C-878B-DB64BD2091B9}.Release|x64.ActiveCfg = Release|x64
		{543EA6D6-C234-4A6C-878B-DB64BD2091B9}.Release|x64.Build.0 = Release|x64
		{543EA6D6-C234-4A6C-878B-DB64BD2091B9}.Release|x86.ActiveCfg = Release|Win32
		{543EA6D6-C234-4A6C-878B-DB64BD2091B9}.Release|x86.Build.0 = Release|Win32
	EndGlobalSection
	GlobalSection(SolutionProperties) = preSolution
		HideSolutionNode = FALSE
	EndGlobalSection
	GlobalSection(ExtensibilityGlobals) = postSolution
		SolutionGuid = {2BBC089F-0FF2-485A-A1A8-79C88792E6FC}
	EndGlobalSection
EndGlobal
